
Microsoft Visual Studio Solution File, Format Version 11.00
# Visual Studio 2010 Express for Windows Phone
Project("{FAE04EC0-301F-11D3-BF4B-00C04F79EFBC}") = "Varanasi Pocket Travel Guide", "Varanasi Pocket Travel Guide\Varanasi Pocket Travel Guide.csproj", "{3FBAD601-70A3-42EF-BED0-60B4DD9223AE}"
EndProject
Global
	GlobalSection(SolutionConfigurationPlatforms) = preSolution
		Debug|Any CPU = Debug|Any CPU
		Release|Any CPU = Release|Any CPU
	EndGlobalSection
	GlobalSection(ProjectConfigurationPlatforms) = postSolution
		{3FBAD601-70A3-42EF-BED0-60B4DD9223AE}.Debug|Any CPU.ActiveCfg = Release|Any CPU
		{3FBAD601-70A3-42EF-BED0-60B4DD9223AE}.Debug|Any CPU.Build.0 = Release|Any CPU
		{3FBAD601-70A3-42EF-BED0-60B4DD9223AE}.Debug|Any CPU.Deploy.0 = Release|Any CPU
		{3FBAD601-70A3-42EF-BED0-60B4DD9223AE}.Release|Any CPU.ActiveCfg = Release|Any CPU
		{3FBAD601-70A3-42EF-BED0-60B4DD9223AE}.Release|Any CPU.Build.0 = Release|Any CPU
		{3FBAD601-70A3-42EF-BED0-60B4DD9223AE}.Release|Any CPU.Deploy.0 = Release|Any CPU
	EndGlobalSection
	GlobalSection(SolutionProperties) = preSolution
		HideSolutionNode = FALSE
	EndGlobalSection
EndGlobal
